<?xml version="1.0" encoding="utf-8"?>
<Project ToolsVersion="4.0" xmlns="http://schemas.microsoft.com/developer/msbuild/2003">
  <ItemGroup>
    <ClCompile Include="main.cpp" />
    <ClCompile Include="DebugRenderer\cDebugRenderer.cpp">
      <Filter>DebugRenderer</Filter>
    </ClCompile>
    <ClCompile Include="DebugRenderer\cDebugRenderer_BuiltInShapes.cpp">
      <Filter>DebugRenderer</Filter>
    </ClCompile>
    <ClCompile Include="DebugRenderer\CErrorLog.cpp">
      <Filter>DebugRenderer</Filter>
    </ClCompile>
    <ClCompile Include="DebugRenderer\cGLRenderStateHelper.cpp">
      <Filter>DebugRenderer</Filter>
    </ClCompile>
    <ClCompile Include="DebugRenderer\COpenGLError.cpp">
      <Filter>DebugRenderer</Filter>
    </ClCompile>
    <ClCompile Include="Texture\C24BitBMPpixel.cpp">
      <Filter>Texture</Filter>
    </ClCompile>
    <ClCompile Include="Texture\cBasicTextureManager.cpp">
      <Filter>Texture</Filter>
    </ClCompile>
    <ClCompile Include="Texture\CTextureFromBMP.cpp">
      <Filter>Texture</Filter>
    </ClCompile>
    <ClCompile Include="..\dependencies\src\glad.c">
      <Filter>glad</Filter>
    </ClCompile>
    <ClCompile Include="ShaderManager\cShader.cpp">
      <Filter>ShaderManager</Filter>
    </ClCompile>
    <ClCompile Include="ShaderManager\cShaderManager.cpp">
      <Filter>ShaderManager</Filter>
    </ClCompile>
    <ClCompile Include="GameObject\cGameObject.cpp">
      <Filter>GameObject</Filter>
    </ClCompile>
    <ClCompile Include="VAOManager\cVAOManager.cpp">
      <Filter>VAOManager</Filter>
    </ClCompile>
    <ClCompile Include="SimpleShaderStuff\UniformManager.cpp">
      <Filter>SimpleShader</Filter>
    </ClCompile>
    <ClCompile Include="UserInputs\GFLW_callbacks.cpp">
      <Filter>UserInput</Filter>
    </ClCompile>
    <ClCompile Include="UserInputs\key_callbacks.cpp">
      <Filter>UserInput</Filter>
    </ClCompile>
    <ClCompile Include="UserInputs\mouse_callbacks.cpp">
      <Filter>UserInput</Filter>
    </ClCompile>
    <ClCompile Include="UserInputs\UserInput.cpp">
      <Filter>UserInput</Filter>
    </ClCompile>
    <ClCompile Include="Camera\CameraManager.cpp">
      <Filter>Camera</Filter>
    </ClCompile>
    <ClCompile Include="Camera\cFlyCamera.cpp">
      <Filter>Camera</Filter>
    </ClCompile>
    <ClCompile Include="ModelStuff\cModelLoader.cpp">
      <Filter>ModelStuff</Filter>
    </ClCompile>
    <ClCompile Include="ParticalEffects\cParticleEmitter.cpp">
      <Filter>ParticalEffects</Filter>
    </ClCompile>
    <ClCompile Include="SimpleShaderStuff\Rendering.cpp">
      <Filter>SimpleShader</Filter>
    </ClCompile>
    <ClCompile Include="Physics\cPhysics.cpp">
      <Filter>Physics</Filter>
    </ClCompile>
    <ClCompile Include="Physics\SubdivideWorld.cpp">
      <Filter>Physics</Filter>
    </ClCompile>
    <ClCompile Include="LowPassFilter\cLowPassFilter.cpp">
      <Filter>LowPassFilter</Filter>
    </ClCompile>
    <ClCompile Include="Physics\cPhysics_Ericson.cpp">
      <Filter>Physics</Filter>
    </ClCompile>
    <ClCompile Include="LoadingStuff\LoadScene.cpp">
      <Filter>LoadingStuff</Filter>
    </ClCompile>
    <ClCompile Include="LoadingStuff\FileReaders.cpp">
      <Filter>LoadingStuff</Filter>
    </ClCompile>
    <ClCompile Include="Lighting\cLightHelper.cpp">
      <Filter>Lighting</Filter>
    </ClCompile>
    <ClCompile Include="Lighting\Light.cpp">
      <Filter>Lighting</Filter>
    </ClCompile>
    <ClCompile Include="Lighting\LightManager.cpp">
      <Filter>Lighting</Filter>
    </ClCompile>
    <ClCompile Include="Camera\ThirdPersonCamera.cpp">
      <Filter>Camera</Filter>
    </ClCompile>
    <ClCompile Include="Commands\ParallelCommandGroup.cpp">
      <Filter>Command\CommandGroup</Filter>
    </ClCompile>
    <ClCompile Include="Commands\Commands.cpp">
      <Filter>Command</Filter>
    </ClCompile>
    <ClCompile Include="Commands\SerialCommandGroup.cpp">
      <Filter>Command\CommandGroup</Filter>
    </ClCompile>
    <ClCompile Include="Commands\MoveCommand.cpp">
      <Filter>Command\Commands</Filter>
    </ClCompile>
    <ClCompile Include="Commands\FollowCurveCommand.cpp">
      <Filter>Command\Commands</Filter>
    </ClCompile>
    <ClCompile Include="Commands\FollowObjectCommand.cpp">
      <Filter>Command\Commands</Filter>
    </ClCompile>
    <ClCompile Include="Commands\RotateCommand.cpp">
      <Filter>Command\Commands</Filter>
    </ClCompile>
    <ClCompile Include="Commands\LocationTrigger.cpp">
      <Filter>Command</Filter>
    </ClCompile>
    <ClCompile Include="Commands\cLuaBrain.cpp">
      <Filter>Command</Filter>
    </ClCompile>
    <ClCompile Include="Client.cpp">
      <Filter>Client</Filter>
    </ClCompile>
  </ItemGroup>
  <ItemGroup>
    <ClInclude Include="GLCommon.h" />
    <ClInclude Include="globals.h" />
    <ClInclude Include="DebugRenderer\cDebugRenderer.h">
      <Filter>DebugRenderer</Filter>
    </ClInclude>
    <ClInclude Include="DebugRenderer\CErrorLog.h">
      <Filter>DebugRenderer</Filter>
    </ClInclude>
    <ClInclude Include="DebugRenderer\cGLRenderStateHelper.h">
      <Filter>DebugRenderer</Filter>
    </ClInclude>
    <ClInclude Include="DebugRenderer\COpenGLError.h">
      <Filter>DebugRenderer</Filter>
    </ClInclude>
    <ClInclude Include="DebugRenderer\iDebugRenderer.h">
      <Filter>DebugRenderer</Filter>
    </ClInclude>
    <ClInclude Include="Texture\C24BitBMPpixel.h">
      <Filter>Texture</Filter>
    </ClInclude>
    <ClInclude Include="Texture\cBasicTextureManager.h">
      <Filter>Texture</Filter>
    </ClInclude>
    <ClInclude Include="Texture\CTextureFromBMP.h">
      <Filter>Texture</Filter>
    </ClInclude>
    <ClInclude Include="ShaderManager\cShaderManager.h">
      <Filter>ShaderManager</Filter>
    </ClInclude>
    <ClInclude Include="GameObject\cGameObject.h">
      <Filter>GameObject</Filter>
    </ClInclude>
    <ClInclude Include="VAOManager\cVAOManager.h">
      <Filter>VAOManager</Filter>
    </ClInclude>
    <ClInclude Include="SimpleShaderStuff\UniformManager.h">
      <Filter>SimpleShader</Filter>
    </ClInclude>
    <ClInclude Include="UserInputs\GFLW_callbacks.h">
      <Filter>UserInput</Filter>
    </ClInclude>
    <ClInclude Include="Camera\CameraManager.h">
      <Filter>Camera</Filter>
    </ClInclude>
    <ClInclude Include="Camera\cFlyCamera.h">
      <Filter>Camera</Filter>
    </ClInclude>
    <ClInclude Include="ModelStuff\cModelLoader.h">
      <Filter>ModelStuff</Filter>
    </ClInclude>
    <ClInclude Include="ModelStuff\cMesh.h">
      <Filter>ModelStuff</Filter>
    </ClInclude>
    <ClInclude Include="ParticalEffects\cParticleEmitter.h">
      <Filter>ParticalEffects</Filter>
    </ClInclude>
    <ClInclude Include="SimpleShaderStuff\Rendering.h">
      <Filter>SimpleShader</Filter>
    </ClInclude>
    <ClInclude Include="Physics\cPhysics.h">
      <Filter>Physics</Filter>
    </ClInclude>
    <ClInclude Include="Physics\SubdivideWorld.h">
      <Filter>Physics</Filter>
    </ClInclude>
    <ClInclude Include="LowPassFilter\cLowPassFilter.h">
      <Filter>LowPassFilter</Filter>
    </ClInclude>
    <ClInclude Include="LoadingStuff\LoadScene.h">
      <Filter>LoadingStuff</Filter>
    </ClInclude>
    <ClInclude Include="LoadingStuff\FileReaders.h">
      <Filter>LoadingStuff</Filter>
    </ClInclude>
    <ClInclude Include="Lighting\cLightHelper.h">
      <Filter>Lighting</Filter>
    </ClInclude>
    <ClInclude Include="Lighting\Light.h">
      <Filter>Lighting</Filter>
    </ClInclude>
    <ClInclude Include="Lighting\LightManager.h">
      <Filter>Lighting</Filter>
    </ClInclude>
    <ClInclude Include="Camera\ThirdPersonCamera.h">
      <Filter>Camera</Filter>
    </ClInclude>
    <ClInclude Include="Commands\iCommand.h">
      <Filter>Command</Filter>
    </ClInclude>
    <ClInclude Include="Commands\ParallelCommandGroup.h">
      <Filter>Command\CommandGroup</Filter>
    </ClInclude>
    <ClInclude Include="Commands\Commands.h">
      <Filter>Command</Filter>
    </ClInclude>
    <ClInclude Include="Commands\SerialCommandGroup.h">
      <Filter>Command\CommandGroup</Filter>
    </ClInclude>
    <ClInclude Include="Commands\MoveCommand.h">
      <Filter>Command\Commands</Filter>
    </ClInclude>
    <ClInclude Include="Commands\RotateCommand.h">
      <Filter>Command\Commands</Filter>
    </ClInclude>
    <ClInclude Include="Commands\FollowCurveCommand.h">
      <Filter>Command\Commands</Filter>
    </ClInclude>
    <ClInclude Include="Commands\FollowObjectCommand.h">
      <Filter>Command\Commands</Filter>
    </ClInclude>
    <ClInclude Include="Commands\LocationTrigger.h">
      <Filter>Command</Filter>
    </ClInclude>
    <ClInclude Include="Commands\cLuaBrain.h">
      <Filter>Command</Filter>
    </ClInclude>
    <ClInclude Include="Client.h">
      <Filter>Client</Filter>
    </ClInclude>
  </ItemGroup>
  <ItemGroup>
    <Filter Include="DebugRenderer">
      <UniqueIdentifier>{0712cb83-17e5-411e-93c8-01a7fe758260}</UniqueIdentifier>
    </Filter>
    <Filter Include="glad">
      <UniqueIdentifier>{7d1418fb-bc87-464d-92d6-547958264f82}</UniqueIdentifier>
    </Filter>
    <Filter Include="ShaderManager">
      <UniqueIdentifier>{09e56bc5-c02d-42ea-83eb-002dd6069e70}</UniqueIdentifier>
    </Filter>
    <Filter Include="GameObject">
      <UniqueIdentifier>{477fc76d-15ca-40e3-9c11-c253f3991cc9}</UniqueIdentifier>
    </Filter>
    <Filter Include="VAOManager">
      <UniqueIdentifier>{f6ebd614-dbc3-4b68-94cd-455448afc27a}</UniqueIdentifier>
    </Filter>
    <Filter Include="SimpleShader">
      <UniqueIdentifier>{c178e5dc-5eac-47cb-baba-3b8516b6973f}</UniqueIdentifier>
    </Filter>
    <Filter Include="UserInput">
      <UniqueIdentifier>{04f4513b-4da9-4c76-abda-3dcf292d93f5}</UniqueIdentifier>
    </Filter>
    <Filter Include="Camera">
      <UniqueIdentifier>{57a91efe-7bd9-4f76-89f9-cbe0c4907723}</UniqueIdentifier>
    </Filter>
    <Filter Include="ModelStuff">
      <UniqueIdentifier>{e5a4d6db-2963-482e-b124-1a7982cc2e94}</UniqueIdentifier>
    </Filter>
    <Filter Include="ParticalEffects">
      <UniqueIdentifier>{df803fa9-a031-4d2a-97e5-04edcbb45052}</UniqueIdentifier>
    </Filter>
    <Filter Include="Physics">
      <UniqueIdentifier>{2b3db6b5-64b2-446b-b9cd-32b5cb234c56}</UniqueIdentifier>
    </Filter>
    <Filter Include="LowPassFilter">
      <UniqueIdentifier>{e7492a95-892b-497a-952f-fa0a60b44b26}</UniqueIdentifier>
    </Filter>
    <Filter Include="Shaders">
      <UniqueIdentifier>{4d3748a8-4da5-47d9-b423-c251357c07f6}</UniqueIdentifier>
    </Filter>
    <Filter Include="LoadingStuff">
      <UniqueIdentifier>{599a4d1c-f0ce-4178-ae76-346925115ef8}</UniqueIdentifier>
    </Filter>
    <Filter Include="Lighting">
      <UniqueIdentifier>{bad3a230-d2e0-4d4e-8836-cda0eb1ec080}</UniqueIdentifier>
    </Filter>
    <Filter Include="LoadingStuff\Configs">
      <UniqueIdentifier>{4ad12e0d-cee0-42a4-a5a2-8fd3a060d5a3}</UniqueIdentifier>
    </Filter>
    <Filter Include="Texture">
      <UniqueIdentifier>{b38f96fd-1892-4ba7-ba20-4c6a00c8f300}</UniqueIdentifier>
    </Filter>
    <Filter Include="Command">
      <UniqueIdentifier>{ccc9254c-1feb-4e7b-a5e0-cd6d9aa023f1}</UniqueIdentifier>
    </Filter>
    <Filter Include="Command\CommandGroup">
      <UniqueIdentifier>{19501096-1b42-435d-ba1f-efe133db0ace}</UniqueIdentifier>
    </Filter>
    <Filter Include="Command\Commands">
      <UniqueIdentifier>{807857e6-c10e-475d-b64d-bbe858308057}</UniqueIdentifier>
    </Filter>
    <Filter Include="Client">
      <UniqueIdentifier>{414265a4-a0c8-4ca7-8eca-33dee57d9202}</UniqueIdentifier>
    </Filter>
  </ItemGroup>
  <ItemGroup>
    <None Include="assets\shaders\fragmentShader01.glsl">
      <Filter>Shaders</Filter>
    </None>
    <None Include="assets\shaders\vertexShader01.glsl">
      <Filter>Shaders</Filter>
    </None>
  </ItemGroup>
  <ItemGroup>
    <Xml Include="assets\config\GameObjects.xml">
      <Filter>LoadingStuff\Configs</Filter>
    </Xml>
    <Xml Include="assets\config\Lights.xml">
      <Filter>LoadingStuff\Configs</Filter>
    </Xml>
    <Xml Include="assets\config\Meshes.xml">
      <Filter>LoadingStuff\Configs</Filter>
    </Xml>
    <Xml Include="assets\config\GameObjects2.xml">
      <Filter>LoadingStuff\Configs</Filter>
    </Xml>
    <Xml Include="assets\config\Textures.xml">
      <Filter>LoadingStuff\Configs</Filter>
    </Xml>
  </ItemGroup>
</Project>